
Microsoft Visual Studio Solution File, Format Version 12.00
# Visual Studio Version 16
VisualStudioVersion = 16.0.35130.168
MinimumVisualStudioVersion = 10.0.40219.1
Project("{FAE04EC0-301F-11D3-BF4B-00C04F79EFBC}") = "ifelse", "ifelse\ifelse.csproj", "{94AB62D4-F0CA-4E02-8D9C-EBB7E839D0BE}"
EndProject
Global
	GlobalSection(SolutionConfigurationPlatforms) = preSolution
		Debug|Any CPU = Debug|Any CPU
		Release|Any CPU = Release|Any CPU
	EndGlobalSection
	GlobalSection(ProjectConfigurationPlatforms) = postSolution
		{94AB62D4-F0CA-4E02-8D9C-EBB7E839D0BE}.Debug|Any CPU.ActiveCfg = Debug|Any CPU
		{94AB62D4-F0CA-4E02-8D9C-EBB7E839D0BE}.Debug|Any CPU.Build.0 = Debug|Any CPU
		{94AB62D4-F0CA-4E02-8D9C-EBB7E839D0BE}.Release|Any CPU.ActiveCfg = Release|Any CPU
		{94AB62D4-F0CA-4E02-8D9C-EBB7E839D0BE}.Release|Any CPU.Build.0 = Release|Any CPU
	EndGlobalSection
	GlobalSection(SolutionProperties) = preSolution
		HideSolutionNode = FALSE
	EndGlobalSection
	GlobalSection(ExtensibilityGlobals) = postSolution
		SolutionGuid = {73CCC4F2-428B-4235-BE21-61397834C81B}
	EndGlobalSection
EndGlobal
