
Microsoft Visual Studio Solution File, Format Version 12.00
# Visual Studio Version 16
VisualStudioVersion = 16.0.35130.168
MinimumVisualStudioVersion = 10.0.40219.1
Project("{FAE04EC0-301F-11D3-BF4B-00C04F79EFBC}") = "ConsoleApp1", "ConsoleApp1\ConsoleApp1.csproj", "{D841DB76-E1A4-4EC8-97C1-7F5D10D598E0}"
EndProject
Global
	GlobalSection(SolutionConfigurationPlatforms) = preSolution
		Debug|Any CPU = Debug|Any CPU
		Release|Any CPU = Release|Any CPU
	EndGlobalSection
	GlobalSection(ProjectConfigurationPlatforms) = postSolution
		{D841DB76-E1A4-4EC8-97C1-7F5D10D598E0}.Debug|Any CPU.ActiveCfg = Debug|Any CPU
		{D841DB76-E1A4-4EC8-97C1-7F5D10D598E0}.Debug|Any CPU.Build.0 = Debug|Any CPU
		{D841DB76-E1A4-4EC8-97C1-7F5D10D598E0}.Release|Any CPU.ActiveCfg = Release|Any CPU
		{D841DB76-E1A4-4EC8-97C1-7F5D10D598E0}.Release|Any CPU.Build.0 = Release|Any CPU
	EndGlobalSection
	GlobalSection(SolutionProperties) = preSolution
		HideSolutionNode = FALSE
	EndGlobalSection
	GlobalSection(ExtensibilityGlobals) = postSolution
		SolutionGuid = {174FE290-0389-4B62-9538-CA9AE3902EA2}
	EndGlobalSection
EndGlobal
