
Microsoft Visual Studio Solution File, Format Version 12.00
# Visual Studio Version 16
VisualStudioVersion = 16.0.35130.168
MinimumVisualStudioVersion = 10.0.40219.1
Project("{FAE04EC0-301F-11D3-BF4B-00C04F79EFBC}") = "WpfApp1", "WpfApp1\WpfApp1.csproj", "{798DE083-6E86-4F03-B358-75DE0F01E32A}"
EndProject
Global
	GlobalSection(SolutionConfigurationPlatforms) = preSolution
		Debug|Any CPU = Debug|Any CPU
		Release|Any CPU = Release|Any CPU
	EndGlobalSection
	GlobalSection(ProjectConfigurationPlatforms) = postSolution
		{798DE083-6E86-4F03-B358-75DE0F01E32A}.Debug|Any CPU.ActiveCfg = Debug|Any CPU
		{798DE083-6E86-4F03-B358-75DE0F01E32A}.Debug|Any CPU.Build.0 = Debug|Any CPU
		{798DE083-6E86-4F03-B358-75DE0F01E32A}.Release|Any CPU.ActiveCfg = Release|Any CPU
		{798DE083-6E86-4F03-B358-75DE0F01E32A}.Release|Any CPU.Build.0 = Release|Any CPU
	EndGlobalSection
	GlobalSection(SolutionProperties) = preSolution
		HideSolutionNode = FALSE
	EndGlobalSection
	GlobalSection(ExtensibilityGlobals) = postSolution
		SolutionGuid = {B96C486E-ABBC-4FD1-9CF9-1EDBF1E94089}
	EndGlobalSection
EndGlobal
