
Microsoft Visual Studio Solution File, Format Version 12.00
# Visual Studio Version 16
VisualStudioVersion = 16.0.35130.168
MinimumVisualStudioVersion = 10.0.40219.1
Project("{FAE04EC0-301F-11D3-BF4B-00C04F79EFBC}") = "ConsoleApp1", "ConsoleApp1\ConsoleApp1.csproj", "{712E64A6-1992-483B-AD12-ED7B4943F545}"
EndProject
Global
	GlobalSection(SolutionConfigurationPlatforms) = preSolution
		Debug|Any CPU = Debug|Any CPU
		Release|Any CPU = Release|Any CPU
	EndGlobalSection
	GlobalSection(ProjectConfigurationPlatforms) = postSolution
		{712E64A6-1992-483B-AD12-ED7B4943F545}.Debug|Any CPU.ActiveCfg = Debug|Any CPU
		{712E64A6-1992-483B-AD12-ED7B4943F545}.Debug|Any CPU.Build.0 = Debug|Any CPU
		{712E64A6-1992-483B-AD12-ED7B4943F545}.Release|Any CPU.ActiveCfg = Release|Any CPU
		{712E64A6-1992-483B-AD12-ED7B4943F545}.Release|Any CPU.Build.0 = Release|Any CPU
	EndGlobalSection
	GlobalSection(SolutionProperties) = preSolution
		HideSolutionNode = FALSE
	EndGlobalSection
	GlobalSection(ExtensibilityGlobals) = postSolution
		SolutionGuid = {C912B2FF-9228-49A1-BB3A-6B7CA1F7E4B3}
	EndGlobalSection
EndGlobal
