
Microsoft Visual Studio Solution File, Format Version 12.00
# Visual Studio Version 16
VisualStudioVersion = 16.0.35130.168
MinimumVisualStudioVersion = 10.0.40219.1
Project("{FAE04EC0-301F-11D3-BF4B-00C04F79EFBC}") = "téglalap területe", "téglalap területe\téglalap területe.csproj", "{E837F002-5AAF-45CA-B8AA-0E02F5A1ECD3}"
EndProject
Global
	GlobalSection(SolutionConfigurationPlatforms) = preSolution
		Debug|Any CPU = Debug|Any CPU
		Release|Any CPU = Release|Any CPU
	EndGlobalSection
	GlobalSection(ProjectConfigurationPlatforms) = postSolution
		{E837F002-5AAF-45CA-B8AA-0E02F5A1ECD3}.Debug|Any CPU.ActiveCfg = Debug|Any CPU
		{E837F002-5AAF-45CA-B8AA-0E02F5A1ECD3}.Debug|Any CPU.Build.0 = Debug|Any CPU
		{E837F002-5AAF-45CA-B8AA-0E02F5A1ECD3}.Release|Any CPU.ActiveCfg = Release|Any CPU
		{E837F002-5AAF-45CA-B8AA-0E02F5A1ECD3}.Release|Any CPU.Build.0 = Release|Any CPU
	EndGlobalSection
	GlobalSection(SolutionProperties) = preSolution
		HideSolutionNode = FALSE
	EndGlobalSection
	GlobalSection(ExtensibilityGlobals) = postSolution
		SolutionGuid = {408F8D78-0A27-49A7-89F2-BDCE3163E960}
	EndGlobalSection
EndGlobal
