
Microsoft Visual Studio Solution File, Format Version 12.00
# Visual Studio Version 16
VisualStudioVersion = 16.0.35130.168
MinimumVisualStudioVersion = 10.0.40219.1
Project("{FAE04EC0-301F-11D3-BF4B-00C04F79EFBC}") = "órai (helyetesítés)", "órai (helyetesítés)\órai (helyetesítés).csproj", "{7BF7EA98-9C76-4865-923C-110E46FAD24B}"
EndProject
Global
	GlobalSection(SolutionConfigurationPlatforms) = preSolution
		Debug|Any CPU = Debug|Any CPU
		Release|Any CPU = Release|Any CPU
	EndGlobalSection
	GlobalSection(ProjectConfigurationPlatforms) = postSolution
		{7BF7EA98-9C76-4865-923C-110E46FAD24B}.Debug|Any CPU.ActiveCfg = Debug|Any CPU
		{7BF7EA98-9C76-4865-923C-110E46FAD24B}.Debug|Any CPU.Build.0 = Debug|Any CPU
		{7BF7EA98-9C76-4865-923C-110E46FAD24B}.Release|Any CPU.ActiveCfg = Release|Any CPU
		{7BF7EA98-9C76-4865-923C-110E46FAD24B}.Release|Any CPU.Build.0 = Release|Any CPU
	EndGlobalSection
	GlobalSection(SolutionProperties) = preSolution
		HideSolutionNode = FALSE
	EndGlobalSection
	GlobalSection(ExtensibilityGlobals) = postSolution
		SolutionGuid = {DC6F6F2D-B451-4D6E-9B82-F2D7125D1E5C}
	EndGlobalSection
EndGlobal
