
Microsoft Visual Studio Solution File, Format Version 12.00
# Visual Studio Version 16
VisualStudioVersion = 16.0.35130.168
MinimumVisualStudioVersion = 10.0.40219.1
Project("{FAE04EC0-301F-11D3-BF4B-00C04F79EFBC}") = "strukt gyakorlás", "strukt gyakorlás\strukt gyakorlás.csproj", "{FB44A4D7-34C3-4593-B015-6D9899BCB49C}"
EndProject
Global
	GlobalSection(SolutionConfigurationPlatforms) = preSolution
		Debug|Any CPU = Debug|Any CPU
		Release|Any CPU = Release|Any CPU
	EndGlobalSection
	GlobalSection(ProjectConfigurationPlatforms) = postSolution
		{FB44A4D7-34C3-4593-B015-6D9899BCB49C}.Debug|Any CPU.ActiveCfg = Debug|Any CPU
		{FB44A4D7-34C3-4593-B015-6D9899BCB49C}.Debug|Any CPU.Build.0 = Debug|Any CPU
		{FB44A4D7-34C3-4593-B015-6D9899BCB49C}.Release|Any CPU.ActiveCfg = Release|Any CPU
		{FB44A4D7-34C3-4593-B015-6D9899BCB49C}.Release|Any CPU.Build.0 = Release|Any CPU
	EndGlobalSection
	GlobalSection(SolutionProperties) = preSolution
		HideSolutionNode = FALSE
	EndGlobalSection
	GlobalSection(ExtensibilityGlobals) = postSolution
		SolutionGuid = {372ACC19-464C-4C7B-9BCE-3785BAB8701C}
	EndGlobalSection
EndGlobal
