
Microsoft Visual Studio Solution File, Format Version 12.00
# Visual Studio Version 16
VisualStudioVersion = 16.0.35130.168
MinimumVisualStudioVersion = 10.0.40219.1
Project("{FAE04EC0-301F-11D3-BF4B-00C04F79EFBC}") = "Feladatforciklus", "Feladatforciklus\Feladatforciklus.csproj", "{0493189C-B844-4EE5-BD01-92FE38EBC30D}"
EndProject
Global
	GlobalSection(SolutionConfigurationPlatforms) = preSolution
		Debug|Any CPU = Debug|Any CPU
		Release|Any CPU = Release|Any CPU
	EndGlobalSection
	GlobalSection(ProjectConfigurationPlatforms) = postSolution
		{0493189C-B844-4EE5-BD01-92FE38EBC30D}.Debug|Any CPU.ActiveCfg = Debug|Any CPU
		{0493189C-B844-4EE5-BD01-92FE38EBC30D}.Debug|Any CPU.Build.0 = Debug|Any CPU
		{0493189C-B844-4EE5-BD01-92FE38EBC30D}.Release|Any CPU.ActiveCfg = Release|Any CPU
		{0493189C-B844-4EE5-BD01-92FE38EBC30D}.Release|Any CPU.Build.0 = Release|Any CPU
	EndGlobalSection
	GlobalSection(SolutionProperties) = preSolution
		HideSolutionNode = FALSE
	EndGlobalSection
	GlobalSection(ExtensibilityGlobals) = postSolution
		SolutionGuid = {66C3328E-6DEE-4D79-AFD5-23B3CCEE997F}
	EndGlobalSection
EndGlobal
