
Microsoft Visual Studio Solution File, Format Version 12.00
# Visual Studio Version 16
VisualStudioVersion = 16.0.35130.168
MinimumVisualStudioVersion = 10.0.40219.1
Project("{FAE04EC0-301F-11D3-BF4B-00C04F79EFBC}") = "feladatswitch", "feladatswitch\feladatswitch.csproj", "{CD1E43D0-652F-429B-8B7C-28B0980EA6EA}"
EndProject
Global
	GlobalSection(SolutionConfigurationPlatforms) = preSolution
		Debug|Any CPU = Debug|Any CPU
		Release|Any CPU = Release|Any CPU
	EndGlobalSection
	GlobalSection(ProjectConfigurationPlatforms) = postSolution
		{CD1E43D0-652F-429B-8B7C-28B0980EA6EA}.Debug|Any CPU.ActiveCfg = Debug|Any CPU
		{CD1E43D0-652F-429B-8B7C-28B0980EA6EA}.Debug|Any CPU.Build.0 = Debug|Any CPU
		{CD1E43D0-652F-429B-8B7C-28B0980EA6EA}.Release|Any CPU.ActiveCfg = Release|Any CPU
		{CD1E43D0-652F-429B-8B7C-28B0980EA6EA}.Release|Any CPU.Build.0 = Release|Any CPU
	EndGlobalSection
	GlobalSection(SolutionProperties) = preSolution
		HideSolutionNode = FALSE
	EndGlobalSection
	GlobalSection(ExtensibilityGlobals) = postSolution
		SolutionGuid = {94953D10-D492-4F53-82A7-58F14CDFBC9E}
	EndGlobalSection
EndGlobal
